
Microsoft Visual Studio Solution File, Format Version 12.00
# Visual Studio 15
VisualStudioVersion = 15.0.28307.1259
MinimumVisualStudioVersion = 10.0.40219.1
Project("{FAE04EC0-301F-11D3-BF4B-00C04F79EFBC}") = "WpfNetCoreApp1", "WpfNetCoreApp1\WpfNetCoreApp1.csproj", "{D47A27A7-D540-48D4-93BB-02E38267C73C}"
EndProject
Global
	GlobalSection(SolutionConfigurationPlatforms) = preSolution
		Debug|Any CPU = Debug|Any CPU
		Release|Any CPU = Release|Any CPU
	EndGlobalSection
	GlobalSection(ProjectConfigurationPlatforms) = postSolution
		{D47A27A7-D540-48D4-93BB-02E38267C73C}.Debug|Any CPU.ActiveCfg = Debug|Any CPU
		{D47A27A7-D540-48D4-93BB-02E38267C73C}.Debug|Any CPU.Build.0 = Debug|Any CPU
		{D47A27A7-D540-48D4-93BB-02E38267C73C}.Release|Any CPU.ActiveCfg = Release|Any CPU
		{D47A27A7-D540-48D4-93BB-02E38267C73C}.Release|Any CPU.Build.0 = Release|Any CPU
	EndGlobalSection
	GlobalSection(SolutionProperties) = preSolution
		HideSolutionNode = FALSE
	EndGlobalSection
	GlobalSection(ExtensibilityGlobals) = postSolution
		SolutionGuid = {5940E614-E251-4ABA-94EA-044112313546}
	EndGlobalSection
EndGlobal
